<?xml version="1.0" encoding="utf-8"?>
<Project ToolsVersion="4.0" xmlns="http://schemas.microsoft.com/developer/msbuild/2003">
  <ItemGroup>
    <Filter Include="源文件">
      <UniqueIdentifier>{4FC737F1-C7A5-4376-A066-2A32D752A2FF}</UniqueIdentifier>
      <Extensions>cpp;c;cc;cxx;c++;cppm;ixx;def;odl;idl;hpj;bat;asm;asmx</Extensions>
    </Filter>
    <Filter Include="头文件">
      <UniqueIdentifier>{93995380-89BD-4b04-88EB-625FBE52EBFB}</UniqueIdentifier>
      <Extensions>h;hh;hpp;hxx;h++;hm;inl;inc;ipp;xsd</Extensions>
    </Filter>
    <Filter Include="资源文件">
      <UniqueIdentifier>{67DA6AB6-F800-4c08-8B7A-83BB121AAD01}</UniqueIdentifier>
      <Extensions>rc;ico;cur;bmp;dlg;rc2;rct;bin;rgs;gif;jpg;jpeg;jpe;resx;tiff;tif;png;wav;mfcribbon-ms</Extensions>
    </Filter>
  </ItemGroup>
  <ItemGroup>
    <ClInclude Include="MFCcaocaohrd.h">
      <Filter>头文件</Filter>
    </ClInclude>
    <ClInclude Include="MFCcaocaohrdDlg.h">
      <Filter>头文件</Filter>
    </ClInclude>
    <ClInclude Include="framework.h">
      <Filter>头文件</Filter>
    </ClInclude>
    <ClInclude Include="targetver.h">
      <Filter>头文件</Filter>
    </ClInclude>
    <ClInclude Include="Resource.h">
      <Filter>头文件</Filter>
    </ClInclude>
    <ClInclude Include="pch.h">
      <Filter>头文件</Filter>
    </ClInclude>
    <ClInclude Include="WNDChess.h">
      <Filter>头文件</Filter>
    </ClInclude>
    <ClInclude Include="QZ.h">
      <Filter>头文件</Filter>
    </ClInclude>
    <ClInclude Include="Direction.h">
      <Filter>头文件</Filter>
    </ClInclude>
    <ClInclude Include="TStage.h">
      <Filter>头文件</Filter>
    </ClInclude>
    <ClInclude Include="CDemoThread.h">
      <Filter>头文件</Filter>
    </ClInclude>
  </ItemGroup>
  <ItemGroup>
    <ClCompile Include="MFCcaocaohrd.cpp">
      <Filter>源文件</Filter>
    </ClCompile>
    <ClCompile Include="MFCcaocaohrdDlg.cpp">
      <Filter>源文件</Filter>
    </ClCompile>
    <ClCompile Include="pch.cpp">
      <Filter>源文件</Filter>
    </ClCompile>
    <ClCompile Include="WNDChess.cpp">
      <Filter>源文件</Filter>
    </ClCompile>
    <ClCompile Include="QZ.cpp">
      <Filter>源文件</Filter>
    </ClCompile>
    <ClCompile Include="Direction.cpp">
      <Filter>源文件</Filter>
    </ClCompile>
    <ClCompile Include="TStage.cpp">
      <Filter>源文件</Filter>
    </ClCompile>
    <ClCompile Include="CDemoThread.cpp">
      <Filter>源文件</Filter>
    </ClCompile>
  </ItemGroup>
  <ItemGroup>
    <ResourceCompile Include="MFCcaocaohrd.rc">
      <Filter>资源文件</Filter>
    </ResourceCompile>
  </ItemGroup>
  <ItemGroup>
    <None Include="res\MFCcaocaohrd.rc2">
      <Filter>资源文件</Filter>
    </None>
  </ItemGroup>
  <ItemGroup>
    <Image Include="res\MFCcaocaohrd.ico">
      <Filter>资源文件</Filter>
    </Image>
    <Image Include="res\CC.bmp">
      <Filter>资源文件</Filter>
    </Image>
    <Image Include="res\GY1.bmp">
      <Filter>资源文件</Filter>
    </Image>
    <Image Include="res\GY2.bmp">
      <Filter>资源文件</Filter>
    </Image>
    <Image Include="res\HZ1.bmp">
      <Filter>资源文件</Filter>
    </Image>
    <Image Include="res\HZ2.bmp">
      <Filter>资源文件</Filter>
    </Image>
    <Image Include="res\MC1.bmp">
      <Filter>资源文件</Filter>
    </Image>
    <Image Include="res\MC2.bmp">
      <Filter>资源文件</Filter>
    </Image>
    <Image Include="res\S.bmp">
      <Filter>资源文件</Filter>
    </Image>
    <Image Include="res\ZF1.bmp">
      <Filter>资源文件</Filter>
    </Image>
    <Image Include="res\ZF2.bmp">
      <Filter>资源文件</Filter>
    </Image>
    <Image Include="res\ZY1.bmp">
      <Filter>资源文件</Filter>
    </Image>
    <Image Include="res\ZY2.bmp">
      <Filter>资源文件</Filter>
    </Image>
    <Image Include="res3\CC.bmp">
      <Filter>资源文件</Filter>
    </Image>
    <Image Include="res3\GY1.bmp">
      <Filter>资源文件</Filter>
    </Image>
    <Image Include="res3\GY2.bmp">
      <Filter>资源文件</Filter>
    </Image>
    <Image Include="res3\HZ1.bmp">
      <Filter>资源文件</Filter>
    </Image>
    <Image Include="res3\HZ2.bmp">
      <Filter>资源文件</Filter>
    </Image>
    <Image Include="res3\MC1.bmp">
      <Filter>资源文件</Filter>
    </Image>
    <Image Include="res3\MC2.bmp">
      <Filter>资源文件</Filter>
    </Image>
    <Image Include="res3\BB.bmp">
      <Filter>资源文件</Filter>
    </Image>
    <Image Include="res3\ZF1.bmp">
      <Filter>资源文件</Filter>
    </Image>
    <Image Include="res3\ZF2.bmp">
      <Filter>资源文件</Filter>
    </Image>
    <Image Include="res3\ZY1.bmp">
      <Filter>资源文件</Filter>
    </Image>
    <Image Include="res3\ZY2.bmp">
      <Filter>资源文件</Filter>
    </Image>
  </ItemGroup>
</Project>